
Microsoft Visual Studio Solution File, Format Version 12.00
# Visual Studio 15
VisualStudioVersion = 15.0.28307.852
MinimumVisualStudioVersion = 10.0.40219.1
Project("{888888A0-9F3D-457C-B088-3A5042F75D52}") = "BasicProject", "BasicProject\BasicProject.pyproj", "{7DCE632A-1450-4EB8-88C5-27D153B77817}"
EndProject
Global
	GlobalSection(SolutionConfigurationPlatforms) = preSolution
		Debug|Any CPU = Debug|Any CPU
		Release|Any CPU = Release|Any CPU
	EndGlobalSection
	GlobalSection(ProjectConfigurationPlatforms) = postSolution
		{7DCE632A-1450-4EB8-88C5-27D153B77817}.Debug|Any CPU.ActiveCfg = Debug|Any CPU
		{7DCE632A-1450-4EB8-88C5-27D153B77817}.Debug|Any CPU.Build.0 = Debug|Any CPU
		{7DCE632A-1450-4EB8-88C5-27D153B77817}.Release|Any CPU.ActiveCfg = Release|Any CPU
		{7DCE632A-1450-4EB8-88C5-27D153B77817}.Release|Any CPU.Build.0 = Release|Any CPU
	EndGlobalSection
	GlobalSection(SolutionProperties) = preSolution
		HideSolutionNode = FALSE
	EndGlobalSection
	GlobalSection(ExtensibilityGlobals) = postSolution
		SolutionGuid = {9FF0C8EF-20F2-44C5-889F-1F3D0F42ACD4}
	EndGlobalSection
EndGlobal
